// !$*UTF8*$!
{
	archiveVersion = 1;
	classes = {
	};
	objectVersion = 77;
	objects = {

/* Begin PBXBuildFile section */
		3236FC8E36270F4528303E27 /* BlackBoxApp.swift in Sources */ = {isa = PBXBuildFile; fileRef = EEE19386EBBB67EBC36FA86D /* BlackBoxApp.swift */; };
		5263A2B4F4544B5866A2EBC3 /* Assets.xcassets in Resources */ = {isa = PBXBuildFile; fileRef = 8C24474EAC1E91E318CAF5CE /* Assets.xcassets */; };
		5F36321926F2474499725EE2 /* RecordingState.swift in Sources */ = {isa = PBXBuildFile; fileRef = 3868EB3B5B085E587D3126F3 /* RecordingState.swift */; };
		77D74B483BA578380B42071A /* RustBridge.swift in Sources */ = {isa = PBXBuildFile; fileRef = B3E0C5F4C53E67679886A7C1 /* RustBridge.swift */; };
		89C335ECCEE8F031A74C4DAB /* SettingsView.swift in Sources */ = {isa = PBXBuildFile; fileRef = FD293BB00932B1C1871E349D /* SettingsView.swift */; };
		94738B2F0B74B746E68109A6 /* PrivacyInfo.xcprivacy in Resources */ = {isa = PBXBuildFile; fileRef = 9CC8C96BB242950BE0830332 /* PrivacyInfo.xcprivacy */; };
/* End PBXBuildFile section */

/* Begin PBXFileReference section */
		3868EB3B5B085E587D3126F3 /* RecordingState.swift */ = {isa = PBXFileReference; lastKnownFileType = sourcecode.swift; path = RecordingState.swift; sourceTree = "<group>"; };
		8C24474EAC1E91E318CAF5CE /* Assets.xcassets */ = {isa = PBXFileReference; lastKnownFileType = folder.assetcatalog; path = Assets.xcassets; sourceTree = "<group>"; };
		9CC8C96BB242950BE0830332 /* PrivacyInfo.xcprivacy */ = {isa = PBXFileReference; path = PrivacyInfo.xcprivacy; sourceTree = "<group>"; };
		A782BA5F7F4C87D96BB05260 /* BlackBoxApp.app */ = {isa = PBXFileReference; explicitFileType = wrapper.application; includeInIndex = 0; path = BlackBoxApp.app; sourceTree = BUILT_PRODUCTS_DIR; };
		AD9C1C02E9A69022ECF95ABE /* Info.plist */ = {isa = PBXFileReference; lastKnownFileType = text.plist; path = Info.plist; sourceTree = "<group>"; };
		B3E0C5F4C53E67679886A7C1 /* RustBridge.swift */ = {isa = PBXFileReference; lastKnownFileType = sourcecode.swift; path = RustBridge.swift; sourceTree = "<group>"; };
		EEE19386EBBB67EBC36FA86D /* BlackBoxApp.swift */ = {isa = PBXFileReference; lastKnownFileType = sourcecode.swift; path = BlackBoxApp.swift; sourceTree = "<group>"; };
		FD293BB00932B1C1871E349D /* SettingsView.swift */ = {isa = PBXFileReference; lastKnownFileType = sourcecode.swift; path = SettingsView.swift; sourceTree = "<group>"; };
/* End PBXFileReference section */

/* Begin PBXGroup section */
		7F01E7D61DE30C7E836DED8F = {
			isa = PBXGroup;
			children = (
				BA337CCE7A5957FF5AD4D45C /* BlackBoxApp */,
				9B0C183B2A902029D8F0A18D /* Products */,
			);
			sourceTree = "<group>";
		};
		9B0C183B2A902029D8F0A18D /* Products */ = {
			isa = PBXGroup;
			children = (
				A782BA5F7F4C87D96BB05260 /* BlackBoxApp.app */,
			);
			name = Products;
			sourceTree = "<group>";
		};
		BA337CCE7A5957FF5AD4D45C /* BlackBoxApp */ = {
			isa = PBXGroup;
			children = (
				8C24474EAC1E91E318CAF5CE /* Assets.xcassets */,
				EEE19386EBBB67EBC36FA86D /* BlackBoxApp.swift */,
				AD9C1C02E9A69022ECF95ABE /* Info.plist */,
				9CC8C96BB242950BE0830332 /* PrivacyInfo.xcprivacy */,
				3868EB3B5B085E587D3126F3 /* RecordingState.swift */,
				B3E0C5F4C53E67679886A7C1 /* RustBridge.swift */,
				FD293BB00932B1C1871E349D /* SettingsView.swift */,
			);
			path = BlackBoxApp;
			sourceTree = "<group>";
		};
/* End PBXGroup section */

/* Begin PBXNativeTarget section */
		DD8280819EC1745861DD709C /* BlackBoxApp */ = {
			isa = PBXNativeTarget;
			buildConfigurationList = D7D534FF3BDA0C2535A6C537 /* Build configuration list for PBXNativeTarget "BlackBoxApp" */;
			buildPhases = (
				37A5FC8F87988A7E93524B1C /* Sources */,
				1F55504D77CA800AB144130B /* Resources */,
			);
			buildRules = (
			);
			dependencies = (
			);
			name = BlackBoxApp;
			packageProductDependencies = (
			);
			productName = BlackBoxApp;
			productReference = A782BA5F7F4C87D96BB05260 /* BlackBoxApp.app */;
			productType = "com.apple.product-type.application";
		};
/* End PBXNativeTarget section */

/* Begin PBXProject section */
		43D9CE3A68B4CCF3D8573D94 /* Project object */ = {
			isa = PBXProject;
			attributes = {
				BuildIndependentTargetsInParallel = YES;
				LastUpgradeCheck = 1600;
			};
			buildConfigurationList = A270336424195CA52B515B29 /* Build configuration list for PBXProject "BlackBoxApp" */;
			compatibilityVersion = "Xcode 14.0";
			developmentRegion = en;
			hasScannedForEncodings = 0;
			knownRegions = (
				Base,
				en,
			);
			mainGroup = 7F01E7D61DE30C7E836DED8F;
			minimizedProjectReferenceProxies = 1;
			preferredProjectObjectVersion = 77;
			projectDirPath = "";
			projectRoot = "";
			targets = (
				DD8280819EC1745861DD709C /* BlackBoxApp */,
			);
		};
/* End PBXProject section */

/* Begin PBXResourcesBuildPhase section */
		1F55504D77CA800AB144130B /* Resources */ = {
			isa = PBXResourcesBuildPhase;
			buildActionMask = 2147483647;
			files = (
				5263A2B4F4544B5866A2EBC3 /* Assets.xcassets in Resources */,
				94738B2F0B74B746E68109A6 /* PrivacyInfo.xcprivacy in Resources */,
			);
			runOnlyForDeploymentPostprocessing = 0;
		};
/* End PBXResourcesBuildPhase section */

/* Begin PBXSourcesBuildPhase section */
		37A5FC8F87988A7E93524B1C /* Sources */ = {
			isa = PBXSourcesBuildPhase;
			buildActionMask = 2147483647;
			files = (
				3236FC8E36270F4528303E27 /* BlackBoxApp.swift in Sources */,
				5F36321926F2474499725EE2 /* RecordingState.swift in Sources */,
				77D74B483BA578380B42071A /* RustBridge.swift in Sources */,
				89C335ECCEE8F031A74C4DAB /* SettingsView.swift in Sources */,
			);
			runOnlyForDeploymentPostprocessing = 0;
		};
/* End PBXSourcesBuildPhase section */

/* Begin XCBuildConfiguration section */
		139D29AA7006551DD1983958 /* Debug */ = {
			isa = XCBuildConfiguration;
			buildSettings = {
				ASSETCATALOG_COMPILER_APPICON_NAME = AppIcon;
				CODE_SIGN_ENTITLEMENTS = BlackBox.entitlements;
				COMBINE_HIDPI_IMAGES = YES;
				ENABLE_HARDENED_RUNTIME = YES;
				IMPORT_PATHS = "$(SRCROOT)/bridge";
				INFOPLIST_FILE = BlackBoxApp/Info.plist;
				LD_RUNPATH_SEARCH_PATHS = (
					"@executable_path/../Frameworks",
				);
				LIBRARY_SEARCH_PATHS = (
					"$(SRCROOT)/../target/release",
					"$(SRCROOT)/../target/debug",
				);
				MACOSX_DEPLOYMENT_TARGET = 13.0;
				OTHER_LDFLAGS = (
					"-lblackbox",
					"-framework",
					CoreAudio,
					"-framework",
					AudioToolbox,
					"-framework",
					Security,
				);
				PRODUCT_BUNDLE_IDENTIFIER = com.blackbox.audiorecorder;
				PRODUCT_NAME = "BlackBox Audio Recorder";
				SDKROOT = macosx;
				SWIFT_INCLUDE_PATHS = "$(SRCROOT)/bridge";
				SWIFT_OBJC_BRIDGING_HEADER = "";
			};
			name = Debug;
		};
		181AD27695D6B9BF31C9D930 /* Release */ = {
			isa = XCBuildConfiguration;
			buildSettings = {
				ALWAYS_SEARCH_USER_PATHS = NO;
				CLANG_ANALYZER_NONNULL = YES;
				CLANG_ANALYZER_NUMBER_OBJECT_CONVERSION = YES_AGGRESSIVE;
				CLANG_CXX_LANGUAGE_STANDARD = "gnu++14";
				CLANG_CXX_LIBRARY = "libc++";
				CLANG_ENABLE_MODULES = YES;
				CLANG_ENABLE_OBJC_ARC = YES;
				CLANG_ENABLE_OBJC_WEAK = YES;
				CLANG_WARN_BLOCK_CAPTURE_AUTORELEASING = YES;
				CLANG_WARN_BOOL_CONVERSION = YES;
				CLANG_WARN_COMMA = YES;
				CLANG_WARN_CONSTANT_CONVERSION = YES;
				CLANG_WARN_DEPRECATED_OBJC_IMPLEMENTATIONS = YES;
				CLANG_WARN_DIRECT_OBJC_ISA_USAGE = YES_ERROR;
				CLANG_WARN_DOCUMENTATION_COMMENTS = YES;
				CLANG_WARN_EMPTY_BODY = YES;
				CLANG_WARN_ENUM_CONVERSION = YES;
				CLANG_WARN_INFINITE_RECURSION = YES;
				CLANG_WARN_INT_CONVERSION = YES;
				CLANG_WARN_NON_LITERAL_NULL_CONVERSION = YES;
				CLANG_WARN_OBJC_IMPLICIT_RETAIN_SELF = YES;
				CLANG_WARN_OBJC_LITERAL_CONVERSION = YES;
				CLANG_WARN_OBJC_ROOT_CLASS = YES_ERROR;
				CLANG_WARN_QUOTED_INCLUDE_IN_FRAMEWORK_HEADER = YES;
				CLANG_WARN_RANGE_LOOP_ANALYSIS = YES;
				CLANG_WARN_STRICT_PROTOTYPES = YES;
				CLANG_WARN_SUSPICIOUS_MOVE = YES;
				CLANG_WARN_UNGUARDED_AVAILABILITY = YES_AGGRESSIVE;
				CLANG_WARN_UNREACHABLE_CODE = YES;
				CLANG_WARN__DUPLICATE_METHOD_MATCH = YES;
				COPY_PHASE_STRIP = NO;
				DEBUG_INFORMATION_FORMAT = "dwarf-with-dsym";
				ENABLE_NS_ASSERTIONS = NO;
				ENABLE_STRICT_OBJC_MSGSEND = YES;
				GCC_C_LANGUAGE_STANDARD = gnu11;
				GCC_NO_COMMON_BLOCKS = YES;
				GCC_WARN_64_TO_32_BIT_CONVERSION = YES;
				GCC_WARN_ABOUT_RETURN_TYPE = YES_ERROR;
				GCC_WARN_UNDECLARED_SELECTOR = YES;
				GCC_WARN_UNINITIALIZED_AUTOS = YES_AGGRESSIVE;
				GCC_WARN_UNUSED_FUNCTION = YES;
				GCC_WARN_UNUSED_VARIABLE = YES;
				MACOSX_DEPLOYMENT_TARGET = 13.0;
				MTL_ENABLE_DEBUG_INFO = NO;
				MTL_FAST_MATH = YES;
				PRODUCT_NAME = "$(TARGET_NAME)";
				SDKROOT = macosx;
				SWIFT_COMPILATION_MODE = wholemodule;
				SWIFT_OPTIMIZATION_LEVEL = "-O";
				SWIFT_VERSION = 5.10;
			};
			name = Release;
		};
		29F230D58F45C00BB97780A1 /* Release */ = {
			isa = XCBuildConfiguration;
			buildSettings = {
				ASSETCATALOG_COMPILER_APPICON_NAME = AppIcon;
				CODE_SIGN_ENTITLEMENTS = BlackBox.entitlements;
				COMBINE_HIDPI_IMAGES = YES;
				ENABLE_HARDENED_RUNTIME = YES;
				IMPORT_PATHS = "$(SRCROOT)/bridge";
				INFOPLIST_FILE = BlackBoxApp/Info.plist;
				LD_RUNPATH_SEARCH_PATHS = (
					"@executable_path/../Frameworks",
				);
				LIBRARY_SEARCH_PATHS = (
					"$(SRCROOT)/../target/release",
					"$(SRCROOT)/../target/debug",
				);
				MACOSX_DEPLOYMENT_TARGET = 13.0;
				OTHER_LDFLAGS = (
					"-lblackbox",
					"-framework",
					CoreAudio,
					"-framework",
					AudioToolbox,
					"-framework",
					Security,
				);
				PRODUCT_BUNDLE_IDENTIFIER = com.blackbox.audiorecorder;
				PRODUCT_NAME = "BlackBox Audio Recorder";
				SDKROOT = macosx;
				SWIFT_INCLUDE_PATHS = "$(SRCROOT)/bridge";
				SWIFT_OBJC_BRIDGING_HEADER = "";
			};
			name = Release;
		};
		758EB9345E2F9FC57A803356 /* Debug */ = {
			isa = XCBuildConfiguration;
			buildSettings = {
				ALWAYS_SEARCH_USER_PATHS = NO;
				CLANG_ANALYZER_NONNULL = YES;
				CLANG_ANALYZER_NUMBER_OBJECT_CONVERSION = YES_AGGRESSIVE;
				CLANG_CXX_LANGUAGE_STANDARD = "gnu++14";
				CLANG_CXX_LIBRARY = "libc++";
				CLANG_ENABLE_MODULES = YES;
				CLANG_ENABLE_OBJC_ARC = YES;
				CLANG_ENABLE_OBJC_WEAK = YES;
				CLANG_WARN_BLOCK_CAPTURE_AUTORELEASING = YES;
				CLANG_WARN_BOOL_CONVERSION = YES;
				CLANG_WARN_COMMA = YES;
				CLANG_WARN_CONSTANT_CONVERSION = YES;
				CLANG_WARN_DEPRECATED_OBJC_IMPLEMENTATIONS = YES;
				CLANG_WARN_DIRECT_OBJC_ISA_USAGE = YES_ERROR;
				CLANG_WARN_DOCUMENTATION_COMMENTS = YES;
				CLANG_WARN_EMPTY_BODY = YES;
				CLANG_WARN_ENUM_CONVERSION = YES;
				CLANG_WARN_INFINITE_RECURSION = YES;
				CLANG_WARN_INT_CONVERSION = YES;
				CLANG_WARN_NON_LITERAL_NULL_CONVERSION = YES;
				CLANG_WARN_OBJC_IMPLICIT_RETAIN_SELF = YES;
				CLANG_WARN_OBJC_LITERAL_CONVERSION = YES;
				CLANG_WARN_OBJC_ROOT_CLASS = YES_ERROR;
				CLANG_WARN_QUOTED_INCLUDE_IN_FRAMEWORK_HEADER = YES;
				CLANG_WARN_RANGE_LOOP_ANALYSIS = YES;
				CLANG_WARN_STRICT_PROTOTYPES = YES;
				CLANG_WARN_SUSPICIOUS_MOVE = YES;
				CLANG_WARN_UNGUARDED_AVAILABILITY = YES_AGGRESSIVE;
				CLANG_WARN_UNREACHABLE_CODE = YES;
				CLANG_WARN__DUPLICATE_METHOD_MATCH = YES;
				COPY_PHASE_STRIP = NO;
				DEBUG_INFORMATION_FORMAT = dwarf;
				ENABLE_STRICT_OBJC_MSGSEND = YES;
				ENABLE_TESTABILITY = YES;
				GCC_C_LANGUAGE_STANDARD = gnu11;
				GCC_DYNAMIC_NO_PIC = NO;
				GCC_NO_COMMON_BLOCKS = YES;
				GCC_OPTIMIZATION_LEVEL = 0;
				GCC_PREPROCESSOR_DEFINITIONS = (
					"$(inherited)",
					"DEBUG=1",
				);
				GCC_WARN_64_TO_32_BIT_CONVERSION = YES;
				GCC_WARN_ABOUT_RETURN_TYPE = YES_ERROR;
				GCC_WARN_UNDECLARED_SELECTOR = YES;
				GCC_WARN_UNINITIALIZED_AUTOS = YES_AGGRESSIVE;
				GCC_WARN_UNUSED_FUNCTION = YES;
				GCC_WARN_UNUSED_VARIABLE = YES;
				MACOSX_DEPLOYMENT_TARGET = 13.0;
				MTL_ENABLE_DEBUG_INFO = INCLUDE_SOURCE;
				MTL_FAST_MATH = YES;
				ONLY_ACTIVE_ARCH = YES;
				PRODUCT_NAME = "$(TARGET_NAME)";
				SDKROOT = macosx;
				SWIFT_ACTIVE_COMPILATION_CONDITIONS = DEBUG;
				SWIFT_OPTIMIZATION_LEVEL = "-Onone";
				SWIFT_VERSION = 5.10;
			};
			name = Debug;
		};
/* End XCBuildConfiguration section */

/* Begin XCConfigurationList section */
		A270336424195CA52B515B29 /* Build configuration list for PBXProject "BlackBoxApp" */ = {
			isa = XCConfigurationList;
			buildConfigurations = (
				758EB9345E2F9FC57A803356 /* Debug */,
				181AD27695D6B9BF31C9D930 /* Release */,
			);
			defaultConfigurationIsVisible = 0;
			defaultConfigurationName = Debug;
		};
		D7D534FF3BDA0C2535A6C537 /* Build configuration list for PBXNativeTarget "BlackBoxApp" */ = {
			isa = XCConfigurationList;
			buildConfigurations = (
				139D29AA7006551DD1983958 /* Debug */,
				29F230D58F45C00BB97780A1 /* Release */,
			);
			defaultConfigurationIsVisible = 0;
			defaultConfigurationName = Debug;
		};
/* End XCConfigurationList section */
	};
	rootObject = 43D9CE3A68B4CCF3D8573D94 /* Project object */;
}
